
Microsoft Visual Studio Solution File, Format Version 12.00
# Visual Studio Version 17
VisualStudioVersion = 17.2.32630.192
MinimumVisualStudioVersion = 10.0.40219.1
Project("{FAE04EC0-301F-11D3-BF4B-00C04F79EFBC}") = "Tariff_Comparison_Verivox", "Tariff_Comparison_Verivox\Tariff_Comparison_Verivox.csproj", "{CC7F349B-81BE-47E9-8613-7FC747C6A7E2}"
EndProject
Project("{FAE04EC0-301F-11D3-BF4B-00C04F79EFBC}") = "Tariff_Comparison_Tests", "Tariff_Comparison_Tests\Tariff_Comparison_Tests.csproj", "{E9155EE7-7B03-4E04-966F-6C663D427A8C}"
EndProject
Global
	GlobalSection(SolutionConfigurationPlatforms) = preSolution
		Debug|Any CPU = Debug|Any CPU
		Release|Any CPU = Release|Any CPU
	EndGlobalSection
	GlobalSection(ProjectConfigurationPlatforms) = postSolution
		{CC7F349B-81BE-47E9-8613-7FC747C6A7E2}.Debug|Any CPU.ActiveCfg = Debug|Any CPU
		{CC7F349B-81BE-47E9-8613-7FC747C6A7E2}.Debug|Any CPU.Build.0 = Debug|Any CPU
		{CC7F349B-81BE-47E9-8613-7FC747C6A7E2}.Release|Any CPU.ActiveCfg = Release|Any CPU
		{CC7F349B-81BE-47E9-8613-7FC747C6A7E2}.Release|Any CPU.Build.0 = Release|Any CPU
		{E9155EE7-7B03-4E04-966F-6C663D427A8C}.Debug|Any CPU.ActiveCfg = Debug|Any CPU
		{E9155EE7-7B03-4E04-966F-6C663D427A8C}.Debug|Any CPU.Build.0 = Debug|Any CPU
		{E9155EE7-7B03-4E04-966F-6C663D427A8C}.Release|Any CPU.ActiveCfg = Release|Any CPU
		{E9155EE7-7B03-4E04-966F-6C663D427A8C}.Release|Any CPU.Build.0 = Release|Any CPU
	EndGlobalSection
	GlobalSection(SolutionProperties) = preSolution
		HideSolutionNode = FALSE
	EndGlobalSection
	GlobalSection(ExtensibilityGlobals) = postSolution
		SolutionGuid = {2552B66B-6916-4BAF-841B-01B49F32CE39}
	EndGlobalSection
EndGlobal
